GEM
  remote: https://rubygems.org/
  specs:
    activesupport (4.2.7.1)
      i18n (~> 0.7)
      json (~> 1.7, >= 1.7.7)
      minitest (~> 5.1)
      thread_safe (~> 0.3, >= 0.3.4)
      tzinfo (~> 1.1)
    dotenv (2.1.1)
    faraday (0.9.2)
      multipart-post (>= 1.2, < 3)
    ffi (1.17.2)
    i18n (0.7.0)
    json (1.8.3)
    listen (3.9.0)
      rb-fsevent (~> 0.10, >= 0.10.3)
      rb-inotify (~> 0.9, >= 0.9.10)
    mini_portile2 (2.4.0)
    minitest (5.9.0)
    multipart-post (2.0.0)
    nokogiri (1.10.10)
      mini_portile2 (~> 2.4.0)
    rb-fsevent (0.11.2)
    rb-inotify (0.11.1)
      ffi (~> 1.0)
    thread_safe (0.3.5)
    tzinfo (1.2.2)
      thread_safe (~> 0.1)

PLATFORMS
  ruby

DEPENDENCIES
  activesupport (= 4.2.7.1)
  dotenv
  faraday
  json (= 1.8.3)
  listen (>= 3.2.0)
  nokogiri (~> 1.10.10)

BUNDLED WITH
   2.1.4
